// !$*UTF8*$!
{
	archiveVersion = 1;
	classes = {
	};
	objectVersion = 50;
	objects = {

/* Begin PBXBuildFile section */
		5FCC19B4251A40AD00589EF7 /* AppDelegate.swift in Sources */ = {isa = PBXBuildFile; fileRef = 5FCC19B3251A40AD00589EF7 /* AppDelegate.swift */; };
		5FCC19B6251A40AD00589EF7 /* SceneDelegate.swift in Sources */ = {isa = PBXBuildFile; fileRef = 5FCC19B5251A40AD00589EF7 /* SceneDelegate.swift */; };
		5FCC19B8251A40AD00589EF7 /* ViewController.swift in Sources */ = {isa = PBXBuildFile; fileRef = 5FCC19B7251A40AD00589EF7 /* ViewController.swift */; };
		5FCC19BB251A40AD00589EF7 /* Main.storyboard in Resources */ = {isa = PBXBuildFile; fileRef = 5FCC19B9251A40AD00589EF7 /* Main.storyboard */; };
		5FCC19BD251A40B100589EF7 /* Assets.xcassets in Resources */ = {isa = PBXBuildFile; fileRef = 5FCC19BC251A40B100589EF7 /* Assets.xcassets */; };
		5FCC19C0251A40B100589EF7 /* LaunchScreen.storyboard in Resources */ = {isa = PBXBuildFile; fileRef = 5FCC19BE251A40B100589EF7 /* LaunchScreen.storyboard */; };
		5FCC19CB251A40D400589EF7 /* TreeRepresentable.swift in Sources */ = {isa = PBXBuildFile; fileRef = 5FCC19C8251A40D400589EF7 /* TreeRepresentable.swift */; };
		5FCC19CC251A40D400589EF7 /* TreePrinter.swift in Sources */ = {isa = PBXBuildFile; fileRef = 5FCC19C9251A40D400589EF7 /* TreePrinter.swift */; };
		5FCC19D2251A45D700589EF7 /* Parser.swift in Sources */ = {isa = PBXBuildFile; fileRef = 5FCC19D1251A45D700589EF7 /* Parser.swift */; };
		5FCC19D9251AA02600589EF7 /* Nodes.swift in Sources */ = {isa = PBXBuildFile; fileRef = 5FCC19D8251AA02600589EF7 /* Nodes.swift */; };
		5FCC19DC251AA03300589EF7 /* Lexer.swift in Sources */ = {isa = PBXBuildFile; fileRef = 5FCC19DB251AA03300589EF7 /* Lexer.swift */; };
		5FCC19E0251AA06400589EF7 /* Extensions.swift in Sources */ = {isa = PBXBuildFile; fileRef = 5FCC19DF251AA06400589EF7 /* Extensions.swift */; };
		5FCC19E3251AA0A600589EF7 /* Token.swift in Sources */ = {isa = PBXBuildFile; fileRef = 5FCC19E2251AA0A600589EF7 /* Token.swift */; };
		5FCC19E6251AA0DC00589EF7 /* Operator.swift in Sources */ = {isa = PBXBuildFile; fileRef = 5FCC19E5251AA0DC00589EF7 /* Operator.swift */; };
/* End PBXBuildFile section */

/* Begin PBXFileReference section */
		5FCC19B0251A40AD00589EF7 /* lab1SP.app */ = {isa = PBXFileReference; explicitFileType = wrapper.application; includeInIndex = 0; path = lab1SP.app; sourceTree = BUILT_PRODUCTS_DIR; };
		5FCC19B3251A40AD00589EF7 /* AppDelegate.swift */ = {isa = PBXFileReference; lastKnownFileType = sourcecode.swift; path = AppDelegate.swift; sourceTree = "<group>"; };
		5FCC19B5251A40AD00589EF7 /* SceneDelegate.swift */ = {isa = PBXFileReference; lastKnownFileType = sourcecode.swift; path = SceneDelegate.swift; sourceTree = "<group>"; };
		5FCC19B7251A40AD00589EF7 /* ViewController.swift */ = {isa = PBXFileReference; lastKnownFileType = sourcecode.swift; path = ViewController.swift; sourceTree = "<group>"; };
		5FCC19BA251A40AD00589EF7 /* Base */ = {isa = PBXFileReference; lastKnownFileType = file.storyboard; name = Base; path = Base.lproj/Main.storyboard; sourceTree = "<group>"; };
		5FCC19BC251A40B100589EF7 /* Assets.xcassets */ = {isa = PBXFileReference; lastKnownFileType = folder.assetcatalog; path = Assets.xcassets; sourceTree = "<group>"; };
		5FCC19BF251A40B100589EF7 /* Base */ = {isa = PBXFileReference; lastKnownFileType = file.storyboard; name = Base; path = Base.lproj/LaunchScreen.storyboard; sourceTree = "<group>"; };
		5FCC19C1251A40B100589EF7 /* Info.plist */ = {isa = PBXFileReference; lastKnownFileType = text.plist.xml; path = Info.plist; sourceTree = "<group>"; };
		5FCC19C8251A40D400589EF7 /* TreeRepresentable.swift */ = {isa = PBXFileReference; fileEncoding = 4; lastKnownFileType = sourcecode.swift; path = TreeRepresentable.swift; sourceTree = "<group>"; };
		5FCC19C9251A40D400589EF7 /* TreePrinter.swift */ = {isa = PBXFileReference; fileEncoding = 4; lastKnownFileType = sourcecode.swift; path = TreePrinter.swift; sourceTree = "<group>"; };
		5FCC19D1251A45D700589EF7 /* Parser.swift */ = {isa = PBXFileReference; lastKnownFileType = sourcecode.swift; path = Parser.swift; sourceTree = "<group>"; };
		5FCC19D8251AA02600589EF7 /* Nodes.swift */ = {isa = PBXFileReference; lastKnownFileType = sourcecode.swift; path = Nodes.swift; sourceTree = "<group>"; };
		5FCC19DB251AA03300589EF7 /* Lexer.swift */ = {isa = PBXFileReference; lastKnownFileType = sourcecode.swift; path = Lexer.swift; sourceTree = "<group>"; };
		5FCC19DF251AA06400589EF7 /* Extensions.swift */ = {isa = PBXFileReference; lastKnownFileType = sourcecode.swift; path = Extensions.swift; sourceTree = "<group>"; };
		5FCC19E2251AA0A600589EF7 /* Token.swift */ = {isa = PBXFileReference; lastKnownFileType = sourcecode.swift; path = Token.swift; sourceTree = "<group>"; };
		5FCC19E5251AA0DC00589EF7 /* Operator.swift */ = {isa = PBXFileReference; lastKnownFileType = sourcecode.swift; path = Operator.swift; sourceTree = "<group>"; };
/* End PBXFileReference section */

/* Begin PBXFrameworksBuildPhase section */
		5FCC19AD251A40AD00589EF7 /* Frameworks */ = {
			isa = PBXFrameworksBuildPhase;
			buildActionMask = 2147483647;
			files = (
			);
			runOnlyForDeploymentPostprocessing = 0;
		};
/* End PBXFrameworksBuildPhase section */

/* Begin PBXGroup section */
		5FCC19A7251A40AD00589EF7 = {
			isa = PBXGroup;
			children = (
				5FCC19B2251A40AD00589EF7 /* lab1SP */,
				5FCC19B1251A40AD00589EF7 /* Products */,
			);
			sourceTree = "<group>";
		};
		5FCC19B1251A40AD00589EF7 /* Products */ = {
			isa = PBXGroup;
			children = (
				5FCC19B0251A40AD00589EF7 /* lab1SP.app */,
			);
			name = Products;
			sourceTree = "<group>";
		};
		5FCC19B2251A40AD00589EF7 /* lab1SP */ = {
			isa = PBXGroup;
			children = (
				5FCC19CF251A45AA00589EF7 /* Main */,
				5FCC19B7251A40AD00589EF7 /* ViewController.swift */,
				5FCC19D6251A9FB600589EF7 /* NoMatter */,
				5FCC19C1251A40B100589EF7 /* Info.plist */,
			);
			path = lab1SP;
			sourceTree = "<group>";
		};
		5FCC19CF251A45AA00589EF7 /* Main */ = {
			isa = PBXGroup;
			children = (
				5FCC19DB251AA03300589EF7 /* Lexer.swift */,
				5FCC19D1251A45D700589EF7 /* Parser.swift */,
				5FCC19E2251AA0A600589EF7 /* Token.swift */,
				5FCC19E5251AA0DC00589EF7 /* Operator.swift */,
				5FCC19D8251AA02600589EF7 /* Nodes.swift */,
				5FCC19DF251AA06400589EF7 /* Extensions.swift */,
				5FCC19D0251A45C400589EF7 /* TreePrinter */,
			);
			path = Main;
			sourceTree = "<group>";
		};
		5FCC19D0251A45C400589EF7 /* TreePrinter */ = {
			isa = PBXGroup;
			children = (
				5FCC19C9251A40D400589EF7 /* TreePrinter.swift */,
				5FCC19C8251A40D400589EF7 /* TreeRepresentable.swift */,
			);
			path = TreePrinter;
			sourceTree = "<group>";
		};
		5FCC19D6251A9FB600589EF7 /* NoMatter */ = {
			isa = PBXGroup;
			children = (
				5FCC19B3251A40AD00589EF7 /* AppDelegate.swift */,
				5FCC19B5251A40AD00589EF7 /* SceneDelegate.swift */,
				5FCC19B9251A40AD00589EF7 /* Main.storyboard */,
				5FCC19BC251A40B100589EF7 /* Assets.xcassets */,
				5FCC19BE251A40B100589EF7 /* LaunchScreen.storyboard */,
			);
			path = NoMatter;
			sourceTree = "<group>";
		};
/* End PBXGroup section */

/* Begin PBXNativeTarget section */
		5FCC19AF251A40AD00589EF7 /* lab1SP */ = {
			isa = PBXNativeTarget;
			buildConfigurationList = 5FCC19C4251A40B100589EF7 /* Build configuration list for PBXNativeTarget "lab1SP" */;
			buildPhases = (
				5FCC19AC251A40AD00589EF7 /* Sources */,
				5FCC19AD251A40AD00589EF7 /* Frameworks */,
				5FCC19AE251A40AD00589EF7 /* Resources */,
			);
			buildRules = (
			);
			dependencies = (
			);
			name = lab1SP;
			productName = lab1SP;
			productReference = 5FCC19B0251A40AD00589EF7 /* lab1SP.app */;
			productType = "com.apple.product-type.application";
		};
/* End PBXNativeTarget section */

/* Begin PBXProject section */
		5FCC19A8251A40AD00589EF7 /* Project object */ = {
			isa = PBXProject;
			attributes = {
				LastSwiftUpdateCheck = 1200;
				LastUpgradeCheck = 1200;
				TargetAttributes = {
					5FCC19AF251A40AD00589EF7 = {
						CreatedOnToolsVersion = 12.0;
					};
				};
			};
			buildConfigurationList = 5FCC19AB251A40AD00589EF7 /* Build configuration list for PBXProject "lab1SP" */;
			compatibilityVersion = "Xcode 9.3";
			developmentRegion = en;
			hasScannedForEncodings = 0;
			knownRegions = (
				en,
				Base,
			);
			mainGroup = 5FCC19A7251A40AD00589EF7;
			productRefGroup = 5FCC19B1251A40AD00589EF7 /* Products */;
			projectDirPath = "";
			projectRoot = "";
			targets = (
				5FCC19AF251A40AD00589EF7 /* lab1SP */,
			);
		};
/* End PBXProject section */

/* Begin PBXResourcesBuildPhase section */
		5FCC19AE251A40AD00589EF7 /* Resources */ = {
			isa = PBXResourcesBuildPhase;
			buildActionMask = 2147483647;
			files = (
				5FCC19C0251A40B100589EF7 /* LaunchScreen.storyboard in Resources */,
				5FCC19BD251A40B100589EF7 /* Assets.xcassets in Resources */,
				5FCC19BB251A40AD00589EF7 /* Main.storyboard in Resources */,
			);
			runOnlyForDeploymentPostprocessing = 0;
		};
/* End PBXResourcesBuildPhase section */

/* Begin PBXSourcesBuildPhase section */
		5FCC19AC251A40AD00589EF7 /* Sources */ = {
			isa = PBXSourcesBuildPhase;
			buildActionMask = 2147483647;
			files = (
				5FCC19B8251A40AD00589EF7 /* ViewController.swift in Sources */,
				5FCC19E3251AA0A600589EF7 /* Token.swift in Sources */,
				5FCC19E0251AA06400589EF7 /* Extensions.swift in Sources */,
				5FCC19B4251A40AD00589EF7 /* AppDelegate.swift in Sources */,
				5FCC19CB251A40D400589EF7 /* TreeRepresentable.swift in Sources */,
				5FCC19E6251AA0DC00589EF7 /* Operator.swift in Sources */,
				5FCC19CC251A40D400589EF7 /* TreePrinter.swift in Sources */,
				5FCC19D9251AA02600589EF7 /* Nodes.swift in Sources */,
				5FCC19B6251A40AD00589EF7 /* SceneDelegate.swift in Sources */,
				5FCC19DC251AA03300589EF7 /* Lexer.swift in Sources */,
				5FCC19D2251A45D700589EF7 /* Parser.swift in Sources */,
			);
			runOnlyForDeploymentPostprocessing = 0;
		};
/* End PBXSourcesBuildPhase section */

/* Begin PBXVariantGroup section */
		5FCC19B9251A40AD00589EF7 /* Main.storyboard */ = {
			isa = PBXVariantGroup;
			children = (
				5FCC19BA251A40AD00589EF7 /* Base */,
			);
			name = Main.storyboard;
			sourceTree = "<group>";
		};
		5FCC19BE251A40B100589EF7 /* LaunchScreen.storyboard */ = {
			isa = PBXVariantGroup;
			children = (
				5FCC19BF251A40B100589EF7 /* Base */,
			);
			name = LaunchScreen.storyboard;
			sourceTree = "<group>";
		};
/* End PBXVariantGroup section */

/* Begin XCBuildConfiguration section */
		5FCC19C2251A40B100589EF7 /* Debug */ = {
			isa = XCBuildConfiguration;
			buildSettings = {
				ALWAYS_SEARCH_USER_PATHS = NO;
				CLANG_ANALYZER_NONNULL = YES;
				CLANG_ANALYZER_NUMBER_OBJECT_CONVERSION = YES_AGGRESSIVE;
				CLANG_CXX_LANGUAGE_STANDARD = "gnu++14";
				CLANG_CXX_LIBRARY = "libc++";
				CLANG_ENABLE_MODULES = YES;
				CLANG_ENABLE_OBJC_ARC = YES;
				CLANG_ENABLE_OBJC_WEAK = YES;
				CLANG_WARN_BLOCK_CAPTURE_AUTORELEASING = YES;
				CLANG_WARN_BOOL_CONVERSION = YES;
				CLANG_WARN_COMMA = YES;
				CLANG_WARN_CONSTANT_CONVERSION = YES;
				CLANG_WARN_DEPRECATED_OBJC_IMPLEMENTATIONS = YES;
				CLANG_WARN_DIRECT_OBJC_ISA_USAGE = YES_ERROR;
				CLANG_WARN_DOCUMENTATION_COMMENTS = YES;
				CLANG_WARN_EMPTY_BODY = YES;
				CLANG_WARN_ENUM_CONVERSION = YES;
				CLANG_WARN_INFINITE_RECURSION = YES;
				CLANG_WARN_INT_CONVERSION = YES;
				CLANG_WARN_NON_LITERAL_NULL_CONVERSION = YES;
				CLANG_WARN_OBJC_IMPLICIT_RETAIN_SELF = YES;
				CLANG_WARN_OBJC_LITERAL_CONVERSION = YES;
				CLANG_WARN_OBJC_ROOT_CLASS = YES_ERROR;
				CLANG_WARN_QUOTED_INCLUDE_IN_FRAMEWORK_HEADER = YES;
				CLANG_WARN_RANGE_LOOP_ANALYSIS = YES;
				CLANG_WARN_STRICT_PROTOTYPES = YES;
				CLANG_WARN_SUSPICIOUS_MOVE = YES;
				CLANG_WARN_UNGUARDED_AVAILABILITY = YES_AGGRESSIVE;
				CLANG_WARN_UNREACHABLE_CODE = YES;
				CLANG_WARN__DUPLICATE_METHOD_MATCH = YES;
				COPY_PHASE_STRIP = NO;
				DEBUG_INFORMATION_FORMAT = dwarf;
				ENABLE_STRICT_OBJC_MSGSEND = YES;
				ENABLE_TESTABILITY = YES;
				GCC_C_LANGUAGE_STANDARD = gnu11;
				GCC_DYNAMIC_NO_PIC = NO;
				GCC_NO_COMMON_BLOCKS = YES;
				GCC_OPTIMIZATION_LEVEL = 0;
				GCC_PREPROCESSOR_DEFINITIONS = (
					"DEBUG=1",
					"$(inherited)",
				);
				GCC_WARN_64_TO_32_BIT_CONVERSION = YES;
				GCC_WARN_ABOUT_RETURN_TYPE = YES_ERROR;
				GCC_WARN_UNDECLARED_SELECTOR = YES;
				GCC_WARN_UNINITIALIZED_AUTOS = YES_AGGRESSIVE;
				GCC_WARN_UNUSED_FUNCTION = YES;
				GCC_WARN_UNUSED_VARIABLE = YES;
				IPHONEOS_DEPLOYMENT_TARGET = 14.0;
				MTL_ENABLE_DEBUG_INFO = INCLUDE_SOURCE;
				MTL_FAST_MATH = YES;
				ONLY_ACTIVE_ARCH = YES;
				SDKROOT = iphoneos;
				SWIFT_ACTIVE_COMPILATION_CONDITIONS = DEBUG;
				SWIFT_OPTIMIZATION_LEVEL = "-Onone";
			};
			name = Debug;
		};
		5FCC19C3251A40B100589EF7 /* Release */ = {
			isa = XCBuildConfiguration;
			buildSettings = {
				ALWAYS_SEARCH_USER_PATHS = NO;
				CLANG_ANALYZER_NONNULL = YES;
				CLANG_ANALYZER_NUMBER_OBJECT_CONVERSION = YES_AGGRESSIVE;
				CLANG_CXX_LANGUAGE_STANDARD = "gnu++14";
				CLANG_CXX_LIBRARY = "libc++";
				CLANG_ENABLE_MODULES = YES;
				CLANG_ENABLE_OBJC_ARC = YES;
				CLANG_ENABLE_OBJC_WEAK = YES;
				CLANG_WARN_BLOCK_CAPTURE_AUTORELEASING = YES;
				CLANG_WARN_BOOL_CONVERSION = YES;
				CLANG_WARN_COMMA = YES;
				CLANG_WARN_CONSTANT_CONVERSION = YES;
				CLANG_WARN_DEPRECATED_OBJC_IMPLEMENTATIONS = YES;
				CLANG_WARN_DIRECT_OBJC_ISA_USAGE = YES_ERROR;
				CLANG_WARN_DOCUMENTATION_COMMENTS = YES;
				CLANG_WARN_EMPTY_BODY = YES;
				CLANG_WARN_ENUM_CONVERSION = YES;
				CLANG_WARN_INFINITE_RECURSION = YES;
				CLANG_WARN_INT_CONVERSION = YES;
				CLANG_WARN_NON_LITERAL_NULL_CONVERSION = YES;
				CLANG_WARN_OBJC_IMPLICIT_RETAIN_SELF = YES;
				CLANG_WARN_OBJC_LITERAL_CONVERSION = YES;
				CLANG_WARN_OBJC_ROOT_CLASS = YES_ERROR;
				CLANG_WARN_QUOTED_INCLUDE_IN_FRAMEWORK_HEADER = YES;
				CLANG_WARN_RANGE_LOOP_ANALYSIS = YES;
				CLANG_WARN_STRICT_PROTOTYPES = YES;
				CLANG_WARN_SUSPICIOUS_MOVE = YES;
				CLANG_WARN_UNGUARDED_AVAILABILITY = YES_AGGRESSIVE;
				CLANG_WARN_UNREACHABLE_CODE = YES;
				CLANG_WARN__DUPLICATE_METHOD_MATCH = YES;
				COPY_PHASE_STRIP = NO;
				DEBUG_INFORMATION_FORMAT = "dwarf-with-dsym";
				ENABLE_NS_ASSERTIONS = NO;
				ENABLE_STRICT_OBJC_MSGSEND = YES;
				GCC_C_LANGUAGE_STANDARD = gnu11;
				GCC_NO_COMMON_BLOCKS = YES;
				GCC_WARN_64_TO_32_BIT_CONVERSION = YES;
				GCC_WARN_ABOUT_RETURN_TYPE = YES_ERROR;
				GCC_WARN_UNDECLARED_SELECTOR = YES;
				GCC_WARN_UNINITIALIZED_AUTOS = YES_AGGRESSIVE;
				GCC_WARN_UNUSED_FUNCTION = YES;
				GCC_WARN_UNUSED_VARIABLE = YES;
				IPHONEOS_DEPLOYMENT_TARGET = 14.0;
				MTL_ENABLE_DEBUG_INFO = NO;
				MTL_FAST_MATH = YES;
				SDKROOT = iphoneos;
				SWIFT_COMPILATION_MODE = wholemodule;
				SWIFT_OPTIMIZATION_LEVEL = "-O";
				VALIDATE_PRODUCT = YES;
			};
			name = Release;
		};
		5FCC19C5251A40B100589EF7 /* Debug */ = {
			isa = XCBuildConfiguration;
			buildSettings = {
				ASSETCATALOG_COMPILER_APPICON_NAME = AppIcon;
				ASSETCATALOG_COMPILER_GLOBAL_ACCENT_COLOR_NAME = AccentColor;
				CODE_SIGN_STYLE = Automatic;
				DEVELOPMENT_TEAM = M92VXVU7J9;
				INFOPLIST_FILE = lab1SP/Info.plist;
				LD_RUNPATH_SEARCH_PATHS = (
					"$(inherited)",
					"@executable_path/Frameworks",
				);
				PRODUCT_BUNDLE_IDENTIFIER = com.ddanilyuk.lab1SP;
				PRODUCT_NAME = "$(TARGET_NAME)";
				SWIFT_VERSION = 5.0;
				TARGETED_DEVICE_FAMILY = "1,2";
			};
			name = Debug;
		};
		5FCC19C6251A40B100589EF7 /* Release */ = {
			isa = XCBuildConfiguration;
			buildSettings = {
				ASSETCATALOG_COMPILER_APPICON_NAME = AppIcon;
				ASSETCATALOG_COMPILER_GLOBAL_ACCENT_COLOR_NAME = AccentColor;
				CODE_SIGN_STYLE = Automatic;
				DEVELOPMENT_TEAM = M92VXVU7J9;
				INFOPLIST_FILE = lab1SP/Info.plist;
				LD_RUNPATH_SEARCH_PATHS = (
					"$(inherited)",
					"@executable_path/Frameworks",
				);
				PRODUCT_BUNDLE_IDENTIFIER = com.ddanilyuk.lab1SP;
				PRODUCT_NAME = "$(TARGET_NAME)";
				SWIFT_VERSION = 5.0;
				TARGETED_DEVICE_FAMILY = "1,2";
			};
			name = Release;
		};
/* End XCBuildConfiguration section */

/* Begin XCConfigurationList section */
		5FCC19AB251A40AD00589EF7 /* Build configuration list for PBXProject "lab1SP" */ = {
			isa = XCConfigurationList;
			buildConfigurations = (
				5FCC19C2251A40B100589EF7 /* Debug */,
				5FCC19C3251A40B100589EF7 /* Release */,
			);
			defaultConfigurationIsVisible = 0;
			defaultConfigurationName = Release;
		};
		5FCC19C4251A40B100589EF7 /* Build configuration list for PBXNativeTarget "lab1SP" */ = {
			isa = XCConfigurationList;
			buildConfigurations = (
				5FCC19C5251A40B100589EF7 /* Debug */,
				5FCC19C6251A40B100589EF7 /* Release */,
			);
			defaultConfigurationIsVisible = 0;
			defaultConfigurationName = Release;
		};
/* End XCConfigurationList section */
	};
	rootObject = 5FCC19A8251A40AD00589EF7 /* Project object */;
}
