// !$*UTF8*$!
{
	archiveVersion = 1;
	classes = {
	};
	objectVersion = 50;
	objects = {

/* Begin PBXBuildFile section */
		5FBB140A254ACF5F00C49A43 /* main.swift in Sources */ = {isa = PBXBuildFile; fileRef = 5FBB1409254ACF5F00C49A43 /* main.swift */; };
		5FBB142A254ACFA700C49A43 /* Testers.swift in Sources */ = {isa = PBXBuildFile; fileRef = 5FBB1413254ACFA600C49A43 /* Testers.swift */; };
		5FBB142B254ACFA700C49A43 /* Lexer.swift in Sources */ = {isa = PBXBuildFile; fileRef = 5FBB1415254ACFA700C49A43 /* Lexer.swift */; };
		5FBB142C254ACFA700C49A43 /* ReturnNode.swift in Sources */ = {isa = PBXBuildFile; fileRef = 5FBB1417254ACFA700C49A43 /* ReturnNode.swift */; };
		5FBB142D254ACFA700C49A43 /* VariableNode.swift in Sources */ = {isa = PBXBuildFile; fileRef = 5FBB1418254ACFA700C49A43 /* VariableNode.swift */; };
		5FBB142E254ACFA700C49A43 /* FunctionDefinitionNode.swift in Sources */ = {isa = PBXBuildFile; fileRef = 5FBB1419254ACFA700C49A43 /* FunctionDefinitionNode.swift */; };
		5FBB142F254ACFA700C49A43 /* BinaryOperationNode.swift in Sources */ = {isa = PBXBuildFile; fileRef = 5FBB141A254ACFA700C49A43 /* BinaryOperationNode.swift */; };
		5FBB1430254ACFA700C49A43 /* UnaryNegativeNode.swift in Sources */ = {isa = PBXBuildFile; fileRef = 5FBB141B254ACFA700C49A43 /* UnaryNegativeNode.swift */; };
		5FBB1431254ACFA700C49A43 /* NumberNode.swift in Sources */ = {isa = PBXBuildFile; fileRef = 5FBB141C254ACFA700C49A43 /* NumberNode.swift */; };
		5FBB1432254ACFA700C49A43 /* TernaryNode.swift in Sources */ = {isa = PBXBuildFile; fileRef = 5FBB141D254ACFA700C49A43 /* TernaryNode.swift */; };
		5FBB1433254ACFA700C49A43 /* CustomIntNode.swift in Sources */ = {isa = PBXBuildFile; fileRef = 5FBB141E254ACFA700C49A43 /* CustomIntNode.swift */; };
		5FBB1434254ACFA700C49A43 /* Block.swift in Sources */ = {isa = PBXBuildFile; fileRef = 5FBB141F254ACFA700C49A43 /* Block.swift */; };
		5FBB1435254ACFA700C49A43 /* Extensions.swift in Sources */ = {isa = PBXBuildFile; fileRef = 5FBB1420254ACFA700C49A43 /* Extensions.swift */; };
		5FBB1436254ACFA700C49A43 /* Parser.swift in Sources */ = {isa = PBXBuildFile; fileRef = 5FBB1421254ACFA700C49A43 /* Parser.swift */; };
		5FBB1437254ACFA700C49A43 /* Token.swift in Sources */ = {isa = PBXBuildFile; fileRef = 5FBB1422254ACFA700C49A43 /* Token.swift */; };
		5FBB1438254ACFA700C49A43 /* ProtocolsAndEnums.swift in Sources */ = {isa = PBXBuildFile; fileRef = 5FBB1423254ACFA700C49A43 /* ProtocolsAndEnums.swift */; };
		5FBB1439254ACFA700C49A43 /* CompilerError.swift in Sources */ = {isa = PBXBuildFile; fileRef = 5FBB1424254ACFA700C49A43 /* CompilerError.swift */; };
		5FBB143A254ACFA700C49A43 /* TreePrinter.swift in Sources */ = {isa = PBXBuildFile; fileRef = 5FBB1426254ACFA700C49A43 /* TreePrinter.swift */; };
		5FBB143B254ACFA700C49A43 /* TreeRepresentable.swift in Sources */ = {isa = PBXBuildFile; fileRef = 5FBB1427254ACFA700C49A43 /* TreeRepresentable.swift */; };
/* End PBXBuildFile section */

/* Begin PBXCopyFilesBuildPhase section */
		5FBB1404254ACF5F00C49A43 /* CopyFiles */ = {
			isa = PBXCopyFilesBuildPhase;
			buildActionMask = 2147483647;
			dstPath = /usr/share/man/man1/;
			dstSubfolderSpec = 0;
			files = (
			);
			runOnlyForDeploymentPostprocessing = 1;
		};
/* End PBXCopyFilesBuildPhase section */

/* Begin PBXFileReference section */
		5FBB1406254ACF5F00C49A43 /* clangCompiler */ = {isa = PBXFileReference; explicitFileType = "compiled.mach-o.executable"; includeInIndex = 0; path = clangCompiler; sourceTree = BUILT_PRODUCTS_DIR; };
		5FBB1409254ACF5F00C49A43 /* main.swift */ = {isa = PBXFileReference; lastKnownFileType = sourcecode.swift; path = main.swift; sourceTree = "<group>"; };
		5FBB1413254ACFA600C49A43 /* Testers.swift */ = {isa = PBXFileReference; fileEncoding = 4; lastKnownFileType = sourcecode.swift; path = Testers.swift; sourceTree = "<group>"; };
		5FBB1415254ACFA700C49A43 /* Lexer.swift */ = {isa = PBXFileReference; fileEncoding = 4; lastKnownFileType = sourcecode.swift; path = Lexer.swift; sourceTree = "<group>"; };
		5FBB1417254ACFA700C49A43 /* ReturnNode.swift */ = {isa = PBXFileReference; fileEncoding = 4; lastKnownFileType = sourcecode.swift; path = ReturnNode.swift; sourceTree = "<group>"; };
		5FBB1418254ACFA700C49A43 /* VariableNode.swift */ = {isa = PBXFileReference; fileEncoding = 4; lastKnownFileType = sourcecode.swift; path = VariableNode.swift; sourceTree = "<group>"; };
		5FBB1419254ACFA700C49A43 /* FunctionDefinitionNode.swift */ = {isa = PBXFileReference; fileEncoding = 4; lastKnownFileType = sourcecode.swift; path = FunctionDefinitionNode.swift; sourceTree = "<group>"; };
		5FBB141A254ACFA700C49A43 /* BinaryOperationNode.swift */ = {isa = PBXFileReference; fileEncoding = 4; lastKnownFileType = sourcecode.swift; path = BinaryOperationNode.swift; sourceTree = "<group>"; };
		5FBB141B254ACFA700C49A43 /* UnaryNegativeNode.swift */ = {isa = PBXFileReference; fileEncoding = 4; lastKnownFileType = sourcecode.swift; path = UnaryNegativeNode.swift; sourceTree = "<group>"; };
		5FBB141C254ACFA700C49A43 /* NumberNode.swift */ = {isa = PBXFileReference; fileEncoding = 4; lastKnownFileType = sourcecode.swift; path = NumberNode.swift; sourceTree = "<group>"; };
		5FBB141D254ACFA700C49A43 /* TernaryNode.swift */ = {isa = PBXFileReference; fileEncoding = 4; lastKnownFileType = sourcecode.swift; path = TernaryNode.swift; sourceTree = "<group>"; };
		5FBB141E254ACFA700C49A43 /* CustomIntNode.swift */ = {isa = PBXFileReference; fileEncoding = 4; lastKnownFileType = sourcecode.swift; path = CustomIntNode.swift; sourceTree = "<group>"; };
		5FBB141F254ACFA700C49A43 /* Block.swift */ = {isa = PBXFileReference; fileEncoding = 4; lastKnownFileType = sourcecode.swift; path = Block.swift; sourceTree = "<group>"; };
		5FBB1420254ACFA700C49A43 /* Extensions.swift */ = {isa = PBXFileReference; fileEncoding = 4; lastKnownFileType = sourcecode.swift; path = Extensions.swift; sourceTree = "<group>"; };
		5FBB1421254ACFA700C49A43 /* Parser.swift */ = {isa = PBXFileReference; fileEncoding = 4; lastKnownFileType = sourcecode.swift; path = Parser.swift; sourceTree = "<group>"; };
		5FBB1422254ACFA700C49A43 /* Token.swift */ = {isa = PBXFileReference; fileEncoding = 4; lastKnownFileType = sourcecode.swift; path = Token.swift; sourceTree = "<group>"; };
		5FBB1423254ACFA700C49A43 /* ProtocolsAndEnums.swift */ = {isa = PBXFileReference; fileEncoding = 4; lastKnownFileType = sourcecode.swift; path = ProtocolsAndEnums.swift; sourceTree = "<group>"; };
		5FBB1424254ACFA700C49A43 /* CompilerError.swift */ = {isa = PBXFileReference; fileEncoding = 4; lastKnownFileType = sourcecode.swift; path = CompilerError.swift; sourceTree = "<group>"; };
		5FBB1426254ACFA700C49A43 /* TreePrinter.swift */ = {isa = PBXFileReference; fileEncoding = 4; lastKnownFileType = sourcecode.swift; path = TreePrinter.swift; sourceTree = "<group>"; };
		5FBB1427254ACFA700C49A43 /* TreeRepresentable.swift */ = {isa = PBXFileReference; fileEncoding = 4; lastKnownFileType = sourcecode.swift; path = TreeRepresentable.swift; sourceTree = "<group>"; };
		5FBB1445254AD79200C49A43 /* CMakeLists.txt */ = {isa = PBXFileReference; lastKnownFileType = text; path = CMakeLists.txt; sourceTree = "<group>"; };
/* End PBXFileReference section */

/* Begin PBXFrameworksBuildPhase section */
		5FBB1403254ACF5F00C49A43 /* Frameworks */ = {
			isa = PBXFrameworksBuildPhase;
			buildActionMask = 2147483647;
			files = (
			);
			runOnlyForDeploymentPostprocessing = 0;
		};
/* End PBXFrameworksBuildPhase section */

/* Begin PBXGroup section */
		5FBB13FD254ACF5F00C49A43 = {
			isa = PBXGroup;
			children = (
				5FBB1408254ACF5F00C49A43 /* clangCompiler */,
				5FBB1407254ACF5F00C49A43 /* Products */,
			);
			sourceTree = "<group>";
		};
		5FBB1407254ACF5F00C49A43 /* Products */ = {
			isa = PBXGroup;
			children = (
				5FBB1406254ACF5F00C49A43 /* clangCompiler */,
			);
			name = Products;
			sourceTree = "<group>";
		};
		5FBB1408254ACF5F00C49A43 /* clangCompiler */ = {
			isa = PBXGroup;
			children = (
				5FBB1409254ACF5F00C49A43 /* main.swift */,
				5FBB1413254ACFA600C49A43 /* Testers.swift */,
				5FBB1445254AD79200C49A43 /* CMakeLists.txt */,
				5FBB1414254ACFA700C49A43 /* Source */,
			);
			path = clangCompiler;
			sourceTree = "<group>";
		};
		5FBB1414254ACFA700C49A43 /* Source */ = {
			isa = PBXGroup;
			children = (
				5FBB1422254ACFA700C49A43 /* Token.swift */,
				5FBB1415254ACFA700C49A43 /* Lexer.swift */,
				5FBB1421254ACFA700C49A43 /* Parser.swift */,
				5FBB141F254ACFA700C49A43 /* Block.swift */,
				5FBB1423254ACFA700C49A43 /* ProtocolsAndEnums.swift */,
				5FBB1424254ACFA700C49A43 /* CompilerError.swift */,
				5FBB1420254ACFA700C49A43 /* Extensions.swift */,
				5FBB1416254ACFA700C49A43 /* Nodes */,
				5FBB1425254ACFA700C49A43 /* TreePrinter */,
			);
			path = Source;
			sourceTree = "<group>";
		};
		5FBB1416254ACFA700C49A43 /* Nodes */ = {
			isa = PBXGroup;
			children = (
				5FBB1417254ACFA700C49A43 /* ReturnNode.swift */,
				5FBB1418254ACFA700C49A43 /* VariableNode.swift */,
				5FBB1419254ACFA700C49A43 /* FunctionDefinitionNode.swift */,
				5FBB141A254ACFA700C49A43 /* BinaryOperationNode.swift */,
				5FBB141B254ACFA700C49A43 /* UnaryNegativeNode.swift */,
				5FBB141C254ACFA700C49A43 /* NumberNode.swift */,
				5FBB141D254ACFA700C49A43 /* TernaryNode.swift */,
				5FBB141E254ACFA700C49A43 /* CustomIntNode.swift */,
			);
			path = Nodes;
			sourceTree = "<group>";
		};
		5FBB1425254ACFA700C49A43 /* TreePrinter */ = {
			isa = PBXGroup;
			children = (
				5FBB1426254ACFA700C49A43 /* TreePrinter.swift */,
				5FBB1427254ACFA700C49A43 /* TreeRepresentable.swift */,
			);
			path = TreePrinter;
			sourceTree = "<group>";
		};
/* End PBXGroup section */

/* Begin PBXNativeTarget section */
		5FBB1405254ACF5F00C49A43 /* clangCompiler */ = {
			isa = PBXNativeTarget;
			buildConfigurationList = 5FBB140D254ACF5F00C49A43 /* Build configuration list for PBXNativeTarget "clangCompiler" */;
			buildPhases = (
				5FBB1402254ACF5F00C49A43 /* Sources */,
				5FBB1403254ACF5F00C49A43 /* Frameworks */,
				5FBB1404254ACF5F00C49A43 /* CopyFiles */,
			);
			buildRules = (
			);
			dependencies = (
			);
			name = clangCompiler;
			productName = clangCompiler;
			productReference = 5FBB1406254ACF5F00C49A43 /* clangCompiler */;
			productType = "com.apple.product-type.tool";
		};
/* End PBXNativeTarget section */

/* Begin PBXProject section */
		5FBB13FE254ACF5F00C49A43 /* Project object */ = {
			isa = PBXProject;
			attributes = {
				LastSwiftUpdateCheck = 1200;
				LastUpgradeCheck = 1200;
				TargetAttributes = {
					5FBB1405254ACF5F00C49A43 = {
						CreatedOnToolsVersion = 12.0;
					};
				};
			};
			buildConfigurationList = 5FBB1401254ACF5F00C49A43 /* Build configuration list for PBXProject "clangCompiler" */;
			compatibilityVersion = "Xcode 9.3";
			developmentRegion = en;
			hasScannedForEncodings = 0;
			knownRegions = (
				en,
				Base,
			);
			mainGroup = 5FBB13FD254ACF5F00C49A43;
			productRefGroup = 5FBB1407254ACF5F00C49A43 /* Products */;
			projectDirPath = "";
			projectRoot = "";
			targets = (
				5FBB1405254ACF5F00C49A43 /* clangCompiler */,
			);
		};
/* End PBXProject section */

/* Begin PBXSourcesBuildPhase section */
		5FBB1402254ACF5F00C49A43 /* Sources */ = {
			isa = PBXSourcesBuildPhase;
			buildActionMask = 2147483647;
			files = (
				5FBB142F254ACFA700C49A43 /* BinaryOperationNode.swift in Sources */,
				5FBB1436254ACFA700C49A43 /* Parser.swift in Sources */,
				5FBB1434254ACFA700C49A43 /* Block.swift in Sources */,
				5FBB142E254ACFA700C49A43 /* FunctionDefinitionNode.swift in Sources */,
				5FBB1430254ACFA700C49A43 /* UnaryNegativeNode.swift in Sources */,
				5FBB143B254ACFA700C49A43 /* TreeRepresentable.swift in Sources */,
				5FBB1431254ACFA700C49A43 /* NumberNode.swift in Sources */,
				5FBB1437254ACFA700C49A43 /* Token.swift in Sources */,
				5FBB1432254ACFA700C49A43 /* TernaryNode.swift in Sources */,
				5FBB143A254ACFA700C49A43 /* TreePrinter.swift in Sources */,
				5FBB142D254ACFA700C49A43 /* VariableNode.swift in Sources */,
				5FBB140A254ACF5F00C49A43 /* main.swift in Sources */,
				5FBB142B254ACFA700C49A43 /* Lexer.swift in Sources */,
				5FBB1438254ACFA700C49A43 /* ProtocolsAndEnums.swift in Sources */,
				5FBB1439254ACFA700C49A43 /* CompilerError.swift in Sources */,
				5FBB142A254ACFA700C49A43 /* Testers.swift in Sources */,
				5FBB1433254ACFA700C49A43 /* CustomIntNode.swift in Sources */,
				5FBB142C254ACFA700C49A43 /* ReturnNode.swift in Sources */,
				5FBB1435254ACFA700C49A43 /* Extensions.swift in Sources */,
			);
			runOnlyForDeploymentPostprocessing = 0;
		};
/* End PBXSourcesBuildPhase section */

/* Begin XCBuildConfiguration section */
		5FBB140B254ACF5F00C49A43 /* Debug */ = {
			isa = XCBuildConfiguration;
			buildSettings = {
				ALWAYS_SEARCH_USER_PATHS = NO;
				CLANG_ANALYZER_NONNULL = YES;
				CLANG_ANALYZER_NUMBER_OBJECT_CONVERSION = YES_AGGRESSIVE;
				CLANG_CXX_LANGUAGE_STANDARD = "gnu++14";
				CLANG_CXX_LIBRARY = "libc++";
				CLANG_ENABLE_MODULES = YES;
				CLANG_ENABLE_OBJC_ARC = YES;
				CLANG_ENABLE_OBJC_WEAK = YES;
				CLANG_WARN_BLOCK_CAPTURE_AUTORELEASING = YES;
				CLANG_WARN_BOOL_CONVERSION = YES;
				CLANG_WARN_COMMA = YES;
				CLANG_WARN_CONSTANT_CONVERSION = YES;
				CLANG_WARN_DEPRECATED_OBJC_IMPLEMENTATIONS = YES;
				CLANG_WARN_DIRECT_OBJC_ISA_USAGE = YES_ERROR;
				CLANG_WARN_DOCUMENTATION_COMMENTS = YES;
				CLANG_WARN_EMPTY_BODY = YES;
				CLANG_WARN_ENUM_CONVERSION = YES;
				CLANG_WARN_INFINITE_RECURSION = YES;
				CLANG_WARN_INT_CONVERSION = YES;
				CLANG_WARN_NON_LITERAL_NULL_CONVERSION = YES;
				CLANG_WARN_OBJC_IMPLICIT_RETAIN_SELF = YES;
				CLANG_WARN_OBJC_LITERAL_CONVERSION = YES;
				CLANG_WARN_OBJC_ROOT_CLASS = YES_ERROR;
				CLANG_WARN_QUOTED_INCLUDE_IN_FRAMEWORK_HEADER = YES;
				CLANG_WARN_RANGE_LOOP_ANALYSIS = YES;
				CLANG_WARN_STRICT_PROTOTYPES = YES;
				CLANG_WARN_SUSPICIOUS_MOVE = YES;
				CLANG_WARN_UNGUARDED_AVAILABILITY = YES_AGGRESSIVE;
				CLANG_WARN_UNREACHABLE_CODE = YES;
				CLANG_WARN__DUPLICATE_METHOD_MATCH = YES;
				COPY_PHASE_STRIP = NO;
				DEBUG_INFORMATION_FORMAT = dwarf;
				ENABLE_STRICT_OBJC_MSGSEND = YES;
				ENABLE_TESTABILITY = YES;
				GCC_C_LANGUAGE_STANDARD = gnu11;
				GCC_DYNAMIC_NO_PIC = NO;
				GCC_NO_COMMON_BLOCKS = YES;
				GCC_OPTIMIZATION_LEVEL = 0;
				GCC_PREPROCESSOR_DEFINITIONS = (
					"DEBUG=1",
					"$(inherited)",
				);
				GCC_WARN_64_TO_32_BIT_CONVERSION = YES;
				GCC_WARN_ABOUT_RETURN_TYPE = YES_ERROR;
				GCC_WARN_UNDECLARED_SELECTOR = YES;
				GCC_WARN_UNINITIALIZED_AUTOS = YES_AGGRESSIVE;
				GCC_WARN_UNUSED_FUNCTION = YES;
				GCC_WARN_UNUSED_VARIABLE = YES;
				MACOSX_DEPLOYMENT_TARGET = 10.15;
				MTL_ENABLE_DEBUG_INFO = INCLUDE_SOURCE;
				MTL_FAST_MATH = YES;
				ONLY_ACTIVE_ARCH = YES;
				SDKROOT = macosx;
				SWIFT_ACTIVE_COMPILATION_CONDITIONS = DEBUG;
				SWIFT_OPTIMIZATION_LEVEL = "-Onone";
			};
			name = Debug;
		};
		5FBB140C254ACF5F00C49A43 /* Release */ = {
			isa = XCBuildConfiguration;
			buildSettings = {
				ALWAYS_SEARCH_USER_PATHS = NO;
				CLANG_ANALYZER_NONNULL = YES;
				CLANG_ANALYZER_NUMBER_OBJECT_CONVERSION = YES_AGGRESSIVE;
				CLANG_CXX_LANGUAGE_STANDARD = "gnu++14";
				CLANG_CXX_LIBRARY = "libc++";
				CLANG_ENABLE_MODULES = YES;
				CLANG_ENABLE_OBJC_ARC = YES;
				CLANG_ENABLE_OBJC_WEAK = YES;
				CLANG_WARN_BLOCK_CAPTURE_AUTORELEASING = YES;
				CLANG_WARN_BOOL_CONVERSION = YES;
				CLANG_WARN_COMMA = YES;
				CLANG_WARN_CONSTANT_CONVERSION = YES;
				CLANG_WARN_DEPRECATED_OBJC_IMPLEMENTATIONS = YES;
				CLANG_WARN_DIRECT_OBJC_ISA_USAGE = YES_ERROR;
				CLANG_WARN_DOCUMENTATION_COMMENTS = YES;
				CLANG_WARN_EMPTY_BODY = YES;
				CLANG_WARN_ENUM_CONVERSION = YES;
				CLANG_WARN_INFINITE_RECURSION = YES;
				CLANG_WARN_INT_CONVERSION = YES;
				CLANG_WARN_NON_LITERAL_NULL_CONVERSION = YES;
				CLANG_WARN_OBJC_IMPLICIT_RETAIN_SELF = YES;
				CLANG_WARN_OBJC_LITERAL_CONVERSION = YES;
				CLANG_WARN_OBJC_ROOT_CLASS = YES_ERROR;
				CLANG_WARN_QUOTED_INCLUDE_IN_FRAMEWORK_HEADER = YES;
				CLANG_WARN_RANGE_LOOP_ANALYSIS = YES;
				CLANG_WARN_STRICT_PROTOTYPES = YES;
				CLANG_WARN_SUSPICIOUS_MOVE = YES;
				CLANG_WARN_UNGUARDED_AVAILABILITY = YES_AGGRESSIVE;
				CLANG_WARN_UNREACHABLE_CODE = YES;
				CLANG_WARN__DUPLICATE_METHOD_MATCH = YES;
				COPY_PHASE_STRIP = NO;
				DEBUG_INFORMATION_FORMAT = "dwarf-with-dsym";
				ENABLE_NS_ASSERTIONS = NO;
				ENABLE_STRICT_OBJC_MSGSEND = YES;
				GCC_C_LANGUAGE_STANDARD = gnu11;
				GCC_NO_COMMON_BLOCKS = YES;
				GCC_WARN_64_TO_32_BIT_CONVERSION = YES;
				GCC_WARN_ABOUT_RETURN_TYPE = YES_ERROR;
				GCC_WARN_UNDECLARED_SELECTOR = YES;
				GCC_WARN_UNINITIALIZED_AUTOS = YES_AGGRESSIVE;
				GCC_WARN_UNUSED_FUNCTION = YES;
				GCC_WARN_UNUSED_VARIABLE = YES;
				MACOSX_DEPLOYMENT_TARGET = 10.15;
				MTL_ENABLE_DEBUG_INFO = NO;
				MTL_FAST_MATH = YES;
				SDKROOT = macosx;
				SWIFT_COMPILATION_MODE = wholemodule;
				SWIFT_OPTIMIZATION_LEVEL = "-O";
			};
			name = Release;
		};
		5FBB140E254ACF5F00C49A43 /* Debug */ = {
			isa = XCBuildConfiguration;
			buildSettings = {
				CODE_SIGN_STYLE = Automatic;
				DEVELOPMENT_TEAM = M92VXVU7J9;
				ENABLE_HARDENED_RUNTIME = YES;
				PRODUCT_NAME = "$(TARGET_NAME)";
				SWIFT_VERSION = 5.0;
			};
			name = Debug;
		};
		5FBB140F254ACF5F00C49A43 /* Release */ = {
			isa = XCBuildConfiguration;
			buildSettings = {
				CODE_SIGN_STYLE = Automatic;
				DEVELOPMENT_TEAM = M92VXVU7J9;
				ENABLE_HARDENED_RUNTIME = YES;
				PRODUCT_NAME = "$(TARGET_NAME)";
				SWIFT_VERSION = 5.0;
			};
			name = Release;
		};
/* End XCBuildConfiguration section */

/* Begin XCConfigurationList section */
		5FBB1401254ACF5F00C49A43 /* Build configuration list for PBXProject "clangCompiler" */ = {
			isa = XCConfigurationList;
			buildConfigurations = (
				5FBB140B254ACF5F00C49A43 /* Debug */,
				5FBB140C254ACF5F00C49A43 /* Release */,
			);
			defaultConfigurationIsVisible = 0;
			defaultConfigurationName = Release;
		};
		5FBB140D254ACF5F00C49A43 /* Build configuration list for PBXNativeTarget "clangCompiler" */ = {
			isa = XCConfigurationList;
			buildConfigurations = (
				5FBB140E254ACF5F00C49A43 /* Debug */,
				5FBB140F254ACF5F00C49A43 /* Release */,
			);
			defaultConfigurationIsVisible = 0;
			defaultConfigurationName = Release;
		};
/* End XCConfigurationList section */
	};
	rootObject = 5FBB13FE254ACF5F00C49A43 /* Project object */;
}
